
Microsoft Visual Studio Solution File, Format Version 12.00
# Visual Studio Version 17
VisualStudioVersion = 17.10.35122.118
MinimumVisualStudioVersion = 10.0.40219.1
Project("{9A19103F-16F7-4668-BE54-9A1E7A4F7556}") = "TriangleRecognizer", "TriangleRecognizer\TriangleRecognizer.csproj", "{33C9543B-D261-4030-920D-1AC76EEC967B}"
EndProject
Project("{9A19103F-16F7-4668-BE54-9A1E7A4F7556}") = "TriangleRecognizer.Tests", "TriangleRecognizer.Tests\TriangleRecognizer.Tests.csproj", "{AFAB7237-6B5B-46F6-A47C-D545A0F07B85}"
EndProject
Global
	GlobalSection(SolutionConfigurationPlatforms) = preSolution
		Debug|Any CPU = Debug|Any CPU
		Release|Any CPU = Release|Any CPU
	EndGlobalSection
	GlobalSection(ProjectConfigurationPlatforms) = postSolution
		{33C9543B-D261-4030-920D-1AC76EEC967B}.Debug|Any CPU.ActiveCfg = Debug|Any CPU
		{33C9543B-D261-4030-920D-1AC76EEC967B}.Debug|Any CPU.Build.0 = Debug|Any CPU
		{33C9543B-D261-4030-920D-1AC76EEC967B}.Release|Any CPU.ActiveCfg = Release|Any CPU
		{33C9543B-D261-4030-920D-1AC76EEC967B}.Release|Any CPU.Build.0 = Release|Any CPU
		{AFAB7237-6B5B-46F6-A47C-D545A0F07B85}.Debug|Any CPU.ActiveCfg = Debug|Any CPU
		{AFAB7237-6B5B-46F6-A47C-D545A0F07B85}.Debug|Any CPU.Build.0 = Debug|Any CPU
		{AFAB7237-6B5B-46F6-A47C-D545A0F07B85}.Release|Any CPU.ActiveCfg = Release|Any CPU
		{AFAB7237-6B5B-46F6-A47C-D545A0F07B85}.Release|Any CPU.Build.0 = Release|Any CPU
	EndGlobalSection
	GlobalSection(SolutionProperties) = preSolution
		HideSolutionNode = FALSE
	EndGlobalSection
	GlobalSection(ExtensibilityGlobals) = postSolution
		SolutionGuid = {7C9973EE-85BF-4D35-BFC6-E8FCC8BA2245}
	EndGlobalSection
EndGlobal
